
Microsoft Visual Studio Solution File, Format Version 12.00
# Visual Studio Version 17
VisualStudioVersion = 17.2.32630.192
MinimumVisualStudioVersion = 10.0.40219.1
Project("{8BC9CEB8-8B4A-11D0-8D11-00A0C91BC942}") = "6.2", "6.2\6.2.vcxproj", "{B902D628-F003-4D45-8711-4616471CC45B}"
EndProject
Project("{8BC9CEB8-8B4A-11D0-8D11-00A0C91BC942}") = "6.3", "6.3\6.3.vcxproj", "{BA077200-CA4D-4E8B-951D-1FA93F6F2111}"
EndProject
Project("{8BC9CEB8-8B4A-11D0-8D11-00A0C91BC942}") = "6.4", "6.4\6.4.vcxproj", "{F92E4F83-EE8C-48B6-B58E-B65822BA29C0}"
EndProject
Project("{8BC9CEB8-8B4A-11D0-8D11-00A0C91BC942}") = "6.5", "6.5\6.5.vcxproj", "{0D7E7904-8A63-4D1E-AEA7-962E14CC665C}"
EndProject
Project("{8BC9CEB8-8B4A-11D0-8D11-00A0C91BC942}") = "6.6", "6.6\6.6.vcxproj", "{528F2DC8-CAA7-4B24-88BF-8F7FA12EDCED}"
EndProject
Project("{8BC9CEB8-8B4A-11D0-8D11-00A0C91BC942}") = "6.7", "6.7\6.7.vcxproj", "{13818379-9C37-4B2A-8980-6FEAB395D073}"
EndProject
Project("{8BC9CEB8-8B4A-11D0-8D11-00A0C91BC942}") = "6.8", "6.8\6.8.vcxproj", "{3751DCF2-E33B-4685-B177-C7FABAA15533}"
EndProject
Project("{8BC9CEB8-8B4A-11D0-8D11-00A0C91BC942}") = "6.9", "6.9\6.9.vcxproj", "{63BD7787-BBF2-49FD-8DE3-AA37EFDC70DC}"
EndProject
Project("{8BC9CEB8-8B4A-11D0-8D11-00A0C91BC942}") = "6.10", "6.10\6.10.vcxproj", "{7DC431F9-4929-40E3-BA63-7291B69C8D0F}"
EndProject
Project("{8BC9CEB8-8B4A-11D0-8D11-00A0C91BC942}") = "6н1", "6н1\6н1.vcxproj", "{328C02B4-B804-41D8-B56B-BCF138112210}"
EndProject
Global
	GlobalSection(SolutionConfigurationPlatforms) = preSolution
		Debug|x64 = Debug|x64
		Debug|x86 = Debug|x86
		Release|x64 = Release|x64
		Release|x86 = Release|x86
	EndGlobalSection
	GlobalSection(ProjectConfigurationPlatforms) = postSolution
		{B902D628-F003-4D45-8711-4616471CC45B}.Debug|x64.ActiveCfg = Debug|x64
		{B902D628-F003-4D45-8711-4616471CC45B}.Debug|x64.Build.0 = Debug|x64
		{B902D628-F003-4D45-8711-4616471CC45B}.Debug|x86.ActiveCfg = Debug|Win32
		{B902D628-F003-4D45-8711-4616471CC45B}.Debug|x86.Build.0 = Debug|Win32
		{B902D628-F003-4D45-8711-4616471CC45B}.Release|x64.ActiveCfg = Release|x64
		{B902D628-F003-4D45-8711-4616471CC45B}.Release|x64.Build.0 = Release|x64
		{B902D628-F003-4D45-8711-4616471CC45B}.Release|x86.ActiveCfg = Release|Win32
		{B902D628-F003-4D45-8711-4616471CC45B}.Release|x86.Build.0 = Release|Win32
		{BA077200-CA4D-4E8B-951D-1FA93F6F2111}.Debug|x64.ActiveCfg = Debug|x64
		{BA077200-CA4D-4E8B-951D-1FA93F6F2111}.Debug|x64.Build.0 = Debug|x64
		{BA077200-CA4D-4E8B-951D-1FA93F6F2111}.Debug|x86.ActiveCfg = Debug|Win32
		{BA077200-CA4D-4E8B-951D-1FA93F6F2111}.Debug|x86.Build.0 = Debug|Win32
		{BA077200-CA4D-4E8B-951D-1FA93F6F2111}.Release|x64.ActiveCfg = Release|x64
		{BA077200-CA4D-4E8B-951D-1FA93F6F2111}.Release|x64.Build.0 = Release|x64
		{BA077200-CA4D-4E8B-951D-1FA93F6F2111}.Release|x86.ActiveCfg = Release|Win32
		{BA077200-CA4D-4E8B-951D-1FA93F6F2111}.Release|x86.Build.0 = Release|Win32
		{F92E4F83-EE8C-48B6-B58E-B65822BA29C0}.Debug|x64.ActiveCfg = Debug|x64
		{F92E4F83-EE8C-48B6-B58E-B65822BA29C0}.Debug|x64.Build.0 = Debug|x64
		{F92E4F83-EE8C-48B6-B58E-B65822BA29C0}.Debug|x86.ActiveCfg = Debug|Win32
		{F92E4F83-EE8C-48B6-B58E-B65822BA29C0}.Debug|x86.Build.0 = Debug|Win32
		{F92E4F83-EE8C-48B6-B58E-B65822BA29C0}.Release|x64.ActiveCfg = Release|x64
		{F92E4F83-EE8C-48B6-B58E-B65822BA29C0}.Release|x64.Build.0 = Release|x64
		{F92E4F83-EE8C-48B6-B58E-B65822BA29C0}.Release|x86.ActiveCfg = Release|Win32
		{F92E4F83-EE8C-48B6-B58E-B65822BA29C0}.Release|x86.Build.0 = Release|Win32
		{0D7E7904-8A63-4D1E-AEA7-962E14CC665C}.Debug|x64.ActiveCfg = Debug|x64
		{0D7E7904-8A63-4D1E-AEA7-962E14CC665C}.Debug|x64.Build.0 = Debug|x64
		{0D7E7904-8A63-4D1E-AEA7-962E14CC665C}.Debug|x86.ActiveCfg = Debug|Win32
		{0D7E7904-8A63-4D1E-AEA7-962E14CC665C}.Debug|x86.Build.0 = Debug|Win32
		{0D7E7904-8A63-4D1E-AEA7-962E14CC665C}.Release|x64.ActiveCfg = Release|x64
		{0D7E7904-8A63-4D1E-AEA7-962E14CC665C}.Release|x64.Build.0 = Release|x64
		{0D7E7904-8A63-4D1E-AEA7-962E14CC665C}.Release|x86.ActiveCfg = Release|Win32
		{0D7E7904-8A63-4D1E-AEA7-962E14CC665C}.Release|x86.Build.0 = Release|Win32
		{528F2DC8-CAA7-4B24-88BF-8F7FA12EDCED}.Debug|x64.ActiveCfg = Debug|x64
		{528F2DC8-CAA7-4B24-88BF-8F7FA12EDCED}.Debug|x64.Build.0 = Debug|x64
		{528F2DC8-CAA7-4B24-88BF-8F7FA12EDCED}.Debug|x86.ActiveCfg = Debug|Win32
		{528F2DC8-CAA7-4B24-88BF-8F7FA12EDCED}.Debug|x86.Build.0 = Debug|Win32
		{528F2DC8-CAA7-4B24-88BF-8F7FA12EDCED}.Release|x64.ActiveCfg = Release|x64
		{528F2DC8-CAA7-4B24-88BF-8F7FA12EDCED}.Release|x64.Build.0 = Release|x64
		{528F2DC8-CAA7-4B24-88BF-8F7FA12EDCED}.Release|x86.ActiveCfg = Release|Win32
		{528F2DC8-CAA7-4B24-88BF-8F7FA12EDCED}.Release|x86.Build.0 = Release|Win32
		{13818379-9C37-4B2A-8980-6FEAB395D073}.Debug|x64.ActiveCfg = Debug|x64
		{13818379-9C37-4B2A-8980-6FEAB395D073}.Debug|x64.Build.0 = Debug|x64
		{13818379-9C37-4B2A-8980-6FEAB395D073}.Debug|x86.ActiveCfg = Debug|Win32
		{13818379-9C37-4B2A-8980-6FEAB395D073}.Debug|x86.Build.0 = Debug|Win32
		{13818379-9C37-4B2A-8980-6FEAB395D073}.Release|x64.ActiveCfg = Release|x64
		{13818379-9C37-4B2A-8980-6FEAB395D073}.Release|x64.Build.0 = Release|x64
		{13818379-9C37-4B2A-8980-6FEAB395D073}.Release|x86.ActiveCfg = Release|Win32
		{13818379-9C37-4B2A-8980-6FEAB395D073}.Release|x86.Build.0 = Release|Win32
		{3751DCF2-E33B-4685-B177-C7FABAA15533}.Debug|x64.ActiveCfg = Debug|x64
		{3751DCF2-E33B-4685-B177-C7FABAA15533}.Debug|x64.Build.0 = Debug|x64
		{3751DCF2-E33B-4685-B177-C7FABAA15533}.Debug|x86.ActiveCfg = Debug|Win32
		{3751DCF2-E33B-4685-B177-C7FABAA15533}.Debug|x86.Build.0 = Debug|Win32
		{3751DCF2-E33B-4685-B177-C7FABAA15533}.Release|x64.ActiveCfg = Release|x64
		{3751DCF2-E33B-4685-B177-C7FABAA15533}.Release|x64.Build.0 = Release|x64
		{3751DCF2-E33B-4685-B177-C7FABAA15533}.Release|x86.ActiveCfg = Release|Win32
		{3751DCF2-E33B-4685-B177-C7FABAA15533}.Release|x86.Build.0 = Release|Win32
		{63BD7787-BBF2-49FD-8DE3-AA37EFDC70DC}.Debug|x64.ActiveCfg = Debug|x64
		{63BD7787-BBF2-49FD-8DE3-AA37EFDC70DC}.Debug|x64.Build.0 = Debug|x64
		{63BD7787-BBF2-49FD-8DE3-AA37EFDC70DC}.Debug|x86.ActiveCfg = Debug|Win32
		{63BD7787-BBF2-49FD-8DE3-AA37EFDC70DC}.Debug|x86.Build.0 = Debug|Win32
		{63BD7787-BBF2-49FD-8DE3-AA37EFDC70DC}.Release|x64.ActiveCfg = Release|x64
		{63BD7787-BBF2-49FD-8DE3-AA37EFDC70DC}.Release|x64.Build.0 = Release|x64
		{63BD7787-BBF2-49FD-8DE3-AA37EFDC70DC}.Release|x86.ActiveCfg = Release|Win32
		{63BD7787-BBF2-49FD-8DE3-AA37EFDC70DC}.Release|x86.Build.0 = Release|Win32
		{7DC431F9-4929-40E3-BA63-7291B69C8D0F}.Debug|x64.ActiveCfg = Debug|x64
		{7DC431F9-4929-40E3-BA63-7291B69C8D0F}.Debug|x64.Build.0 = Debug|x64
		{7DC431F9-4929-40E3-BA63-7291B69C8D0F}.Debug|x86.ActiveCfg = Debug|Win32
		{7DC431F9-4929-40E3-BA63-7291B69C8D0F}.Debug|x86.Build.0 = Debug|Win32
		{7DC431F9-4929-40E3-BA63-7291B69C8D0F}.Release|x64.ActiveCfg = Release|x64
		{7DC431F9-4929-40E3-BA63-7291B69C8D0F}.Release|x64.Build.0 = Release|x64
		{7DC431F9-4929-40E3-BA63-7291B69C8D0F}.Release|x86.ActiveCfg = Release|Win32
		{7DC431F9-4929-40E3-BA63-7291B69C8D0F}.Release|x86.Build.0 = Release|Win32
		{328C02B4-B804-41D8-B56B-BCF138112210}.Debug|x64.ActiveCfg = Debug|x64
		{328C02B4-B804-41D8-B56B-BCF138112210}.Debug|x64.Build.0 = Debug|x64
		{328C02B4-B804-41D8-B56B-BCF138112210}.Debug|x86.ActiveCfg = Debug|Win32
		{328C02B4-B804-41D8-B56B-BCF138112210}.Debug|x86.Build.0 = Debug|Win32
		{328C02B4-B804-41D8-B56B-BCF138112210}.Release|x64.ActiveCfg = Release|x64
		{328C02B4-B804-41D8-B56B-BCF138112210}.Release|x64.Build.0 = Release|x64
		{328C02B4-B804-41D8-B56B-BCF138112210}.Release|x86.ActiveCfg = Release|Win32
		{328C02B4-B804-41D8-B56B-BCF138112210}.Release|x86.Build.0 = Release|Win32
	EndGlobalSection
	GlobalSection(SolutionProperties) = preSolution
		HideSolutionNode = FALSE
	EndGlobalSection
	GlobalSection(ExtensibilityGlobals) = postSolution
		SolutionGuid = {8DA26A9A-9F04-45DF-A402-1A8E4B1C064F}
	EndGlobalSection
EndGlobal
