
Microsoft Visual Studio Solution File, Format Version 12.00
# Visual Studio Version 17
VisualStudioVersion = 17.2.32630.192
MinimumVisualStudioVersion = 10.0.40219.1
Project("{8BC9CEB8-8B4A-11D0-8D11-00A0C91BC942}") = "Task1", "LabRab4\LabRab4.vcxproj", "{3ABDF6D6-DD38-47FE-84A6-1BF4A66BCF48}"
EndProject
Project("{8BC9CEB8-8B4A-11D0-8D11-00A0C91BC942}") = "Task2", "Task2\Task2.vcxproj", "{D70C409A-E619-46DD-B042-D7B67713D5C7}"
EndProject
Project("{8BC9CEB8-8B4A-11D0-8D11-00A0C91BC942}") = "Task3", "Task3\Task3.vcxproj", "{52371A48-7F8D-4968-959B-9ADB22FD8E6D}"
EndProject
Project("{8BC9CEB8-8B4A-11D0-8D11-00A0C91BC942}") = "Task9", "Task9\Task9.vcxproj", "{24CAC655-644A-4952-BBEC-D785C6A289EF}"
EndProject
Project("{8BC9CEB8-8B4A-11D0-8D11-00A0C91BC942}") = "Task11", "Task11\Task11.vcxproj", "{F54ACB1C-E5DD-447C-8548-3AD6773DD7F9}"
EndProject
Project("{8BC9CEB8-8B4A-11D0-8D11-00A0C91BC942}") = "Task13", "Task13\Task13.vcxproj", "{3E3E53FC-DCCE-487F-BE7F-18F9534CEC7D}"
EndProject
Project("{8BC9CEB8-8B4A-11D0-8D11-00A0C91BC942}") = "Task5", "Task5\Task5.vcxproj", "{BF62E43B-6256-4B35-97C6-801A29AE7EB0}"
EndProject
Project("{8BC9CEB8-8B4A-11D0-8D11-00A0C91BC942}") = "Task6", "Task6\Task6.vcxproj", "{803DC29B-7FC3-4B32-8AFD-B612544503DC}"
EndProject
Project("{8BC9CEB8-8B4A-11D0-8D11-00A0C91BC942}") = "Task7", "Task7\Task7.vcxproj", "{01F0E217-536F-4089-AB12-2FD57098C970}"
EndProject
Project("{8BC9CEB8-8B4A-11D0-8D11-00A0C91BC942}") = "Task8", "Task8\Task8.vcxproj", "{B7AEBB2B-A40C-4C41-ADF3-C6AB6945B195}"
EndProject
Project("{8BC9CEB8-8B4A-11D0-8D11-00A0C91BC942}") = "Task12", "Task12\Task12.vcxproj", "{01F28EB0-1309-41F1-9E87-BF99B1A5831C}"
EndProject
Project("{8BC9CEB8-8B4A-11D0-8D11-00A0C91BC942}") = "Task10", "Task10\Task10.vcxproj", "{BBD69BCE-15FB-4878-A11E-52E20A061FBB}"
EndProject
Global
	GlobalSection(SolutionConfigurationPlatforms) = preSolution
		Debug|x64 = Debug|x64
		Debug|x86 = Debug|x86
		Release|x64 = Release|x64
		Release|x86 = Release|x86
	EndGlobalSection
	GlobalSection(ProjectConfigurationPlatforms) = postSolution
		{3ABDF6D6-DD38-47FE-84A6-1BF4A66BCF48}.Debug|x64.ActiveCfg = Debug|x64
		{3ABDF6D6-DD38-47FE-84A6-1BF4A66BCF48}.Debug|x64.Build.0 = Debug|x64
		{3ABDF6D6-DD38-47FE-84A6-1BF4A66BCF48}.Debug|x86.ActiveCfg = Debug|Win32
		{3ABDF6D6-DD38-47FE-84A6-1BF4A66BCF48}.Debug|x86.Build.0 = Debug|Win32
		{3ABDF6D6-DD38-47FE-84A6-1BF4A66BCF48}.Release|x64.ActiveCfg = Release|x64
		{3ABDF6D6-DD38-47FE-84A6-1BF4A66BCF48}.Release|x64.Build.0 = Release|x64
		{3ABDF6D6-DD38-47FE-84A6-1BF4A66BCF48}.Release|x86.ActiveCfg = Release|Win32
		{3ABDF6D6-DD38-47FE-84A6-1BF4A66BCF48}.Release|x86.Build.0 = Release|Win32
		{D70C409A-E619-46DD-B042-D7B67713D5C7}.Debug|x64.ActiveCfg = Debug|x64
		{D70C409A-E619-46DD-B042-D7B67713D5C7}.Debug|x64.Build.0 = Debug|x64
		{D70C409A-E619-46DD-B042-D7B67713D5C7}.Debug|x86.ActiveCfg = Debug|Win32
		{D70C409A-E619-46DD-B042-D7B67713D5C7}.Debug|x86.Build.0 = Debug|Win32
		{D70C409A-E619-46DD-B042-D7B67713D5C7}.Release|x64.ActiveCfg = Release|x64
		{D70C409A-E619-46DD-B042-D7B67713D5C7}.Release|x64.Build.0 = Release|x64
		{D70C409A-E619-46DD-B042-D7B67713D5C7}.Release|x86.ActiveCfg = Release|Win32
		{D70C409A-E619-46DD-B042-D7B67713D5C7}.Release|x86.Build.0 = Release|Win32
		{52371A48-7F8D-4968-959B-9ADB22FD8E6D}.Debug|x64.ActiveCfg = Debug|x64
		{52371A48-7F8D-4968-959B-9ADB22FD8E6D}.Debug|x64.Build.0 = Debug|x64
		{52371A48-7F8D-4968-959B-9ADB22FD8E6D}.Debug|x86.ActiveCfg = Debug|Win32
		{52371A48-7F8D-4968-959B-9ADB22FD8E6D}.Debug|x86.Build.0 = Debug|Win32
		{52371A48-7F8D-4968-959B-9ADB22FD8E6D}.Release|x64.ActiveCfg = Release|x64
		{52371A48-7F8D-4968-959B-9ADB22FD8E6D}.Release|x64.Build.0 = Release|x64
		{52371A48-7F8D-4968-959B-9ADB22FD8E6D}.Release|x86.ActiveCfg = Release|Win32
		{52371A48-7F8D-4968-959B-9ADB22FD8E6D}.Release|x86.Build.0 = Release|Win32
		{24CAC655-644A-4952-BBEC-D785C6A289EF}.Debug|x64.ActiveCfg = Debug|x64
		{24CAC655-644A-4952-BBEC-D785C6A289EF}.Debug|x64.Build.0 = Debug|x64
		{24CAC655-644A-4952-BBEC-D785C6A289EF}.Debug|x86.ActiveCfg = Debug|Win32
		{24CAC655-644A-4952-BBEC-D785C6A289EF}.Debug|x86.Build.0 = Debug|Win32
		{24CAC655-644A-4952-BBEC-D785C6A289EF}.Release|x64.ActiveCfg = Release|x64
		{24CAC655-644A-4952-BBEC-D785C6A289EF}.Release|x64.Build.0 = Release|x64
		{24CAC655-644A-4952-BBEC-D785C6A289EF}.Release|x86.ActiveCfg = Release|Win32
		{24CAC655-644A-4952-BBEC-D785C6A289EF}.Release|x86.Build.0 = Release|Win32
		{F54ACB1C-E5DD-447C-8548-3AD6773DD7F9}.Debug|x64.ActiveCfg = Debug|x64
		{F54ACB1C-E5DD-447C-8548-3AD6773DD7F9}.Debug|x64.Build.0 = Debug|x64
		{F54ACB1C-E5DD-447C-8548-3AD6773DD7F9}.Debug|x86.ActiveCfg = Debug|Win32
		{F54ACB1C-E5DD-447C-8548-3AD6773DD7F9}.Debug|x86.Build.0 = Debug|Win32
		{F54ACB1C-E5DD-447C-8548-3AD6773DD7F9}.Release|x64.ActiveCfg = Release|x64
		{F54ACB1C-E5DD-447C-8548-3AD6773DD7F9}.Release|x64.Build.0 = Release|x64
		{F54ACB1C-E5DD-447C-8548-3AD6773DD7F9}.Release|x86.ActiveCfg = Release|Win32
		{F54ACB1C-E5DD-447C-8548-3AD6773DD7F9}.Release|x86.Build.0 = Release|Win32
		{3E3E53FC-DCCE-487F-BE7F-18F9534CEC7D}.Debug|x64.ActiveCfg = Debug|x64
		{3E3E53FC-DCCE-487F-BE7F-18F9534CEC7D}.Debug|x64.Build.0 = Debug|x64
		{3E3E53FC-DCCE-487F-BE7F-18F9534CEC7D}.Debug|x86.ActiveCfg = Debug|Win32
		{3E3E53FC-DCCE-487F-BE7F-18F9534CEC7D}.Debug|x86.Build.0 = Debug|Win32
		{3E3E53FC-DCCE-487F-BE7F-18F9534CEC7D}.Release|x64.ActiveCfg = Release|x64
		{3E3E53FC-DCCE-487F-BE7F-18F9534CEC7D}.Release|x64.Build.0 = Release|x64
		{3E3E53FC-DCCE-487F-BE7F-18F9534CEC7D}.Release|x86.ActiveCfg = Release|Win32
		{3E3E53FC-DCCE-487F-BE7F-18F9534CEC7D}.Release|x86.Build.0 = Release|Win32
		{BF62E43B-6256-4B35-97C6-801A29AE7EB0}.Debug|x64.ActiveCfg = Debug|x64
		{BF62E43B-6256-4B35-97C6-801A29AE7EB0}.Debug|x64.Build.0 = Debug|x64
		{BF62E43B-6256-4B35-97C6-801A29AE7EB0}.Debug|x86.ActiveCfg = Debug|Win32
		{BF62E43B-6256-4B35-97C6-801A29AE7EB0}.Debug|x86.Build.0 = Debug|Win32
		{BF62E43B-6256-4B35-97C6-801A29AE7EB0}.Release|x64.ActiveCfg = Release|x64
		{BF62E43B-6256-4B35-97C6-801A29AE7EB0}.Release|x64.Build.0 = Release|x64
		{BF62E43B-6256-4B35-97C6-801A29AE7EB0}.Release|x86.ActiveCfg = Release|Win32
		{BF62E43B-6256-4B35-97C6-801A29AE7EB0}.Release|x86.Build.0 = Release|Win32
		{803DC29B-7FC3-4B32-8AFD-B612544503DC}.Debug|x64.ActiveCfg = Debug|x64
		{803DC29B-7FC3-4B32-8AFD-B612544503DC}.Debug|x64.Build.0 = Debug|x64
		{803DC29B-7FC3-4B32-8AFD-B612544503DC}.Debug|x86.ActiveCfg = Debug|Win32
		{803DC29B-7FC3-4B32-8AFD-B612544503DC}.Debug|x86.Build.0 = Debug|Win32
		{803DC29B-7FC3-4B32-8AFD-B612544503DC}.Release|x64.ActiveCfg = Release|x64
		{803DC29B-7FC3-4B32-8AFD-B612544503DC}.Release|x64.Build.0 = Release|x64
		{803DC29B-7FC3-4B32-8AFD-B612544503DC}.Release|x86.ActiveCfg = Release|Win32
		{803DC29B-7FC3-4B32-8AFD-B612544503DC}.Release|x86.Build.0 = Release|Win32
		{01F0E217-536F-4089-AB12-2FD57098C970}.Debug|x64.ActiveCfg = Debug|x64
		{01F0E217-536F-4089-AB12-2FD57098C970}.Debug|x64.Build.0 = Debug|x64
		{01F0E217-536F-4089-AB12-2FD57098C970}.Debug|x86.ActiveCfg = Debug|Win32
		{01F0E217-536F-4089-AB12-2FD57098C970}.Debug|x86.Build.0 = Debug|Win32
		{01F0E217-536F-4089-AB12-2FD57098C970}.Release|x64.ActiveCfg = Release|x64
		{01F0E217-536F-4089-AB12-2FD57098C970}.Release|x64.Build.0 = Release|x64
		{01F0E217-536F-4089-AB12-2FD57098C970}.Release|x86.ActiveCfg = Release|Win32
		{01F0E217-536F-4089-AB12-2FD57098C970}.Release|x86.Build.0 = Release|Win32
		{B7AEBB2B-A40C-4C41-ADF3-C6AB6945B195}.Debug|x64.ActiveCfg = Debug|x64
		{B7AEBB2B-A40C-4C41-ADF3-C6AB6945B195}.Debug|x64.Build.0 = Debug|x64
		{B7AEBB2B-A40C-4C41-ADF3-C6AB6945B195}.Debug|x86.ActiveCfg = Debug|Win32
		{B7AEBB2B-A40C-4C41-ADF3-C6AB6945B195}.Debug|x86.Build.0 = Debug|Win32
		{B7AEBB2B-A40C-4C41-ADF3-C6AB6945B195}.Release|x64.ActiveCfg = Release|x64
		{B7AEBB2B-A40C-4C41-ADF3-C6AB6945B195}.Release|x64.Build.0 = Release|x64
		{B7AEBB2B-A40C-4C41-ADF3-C6AB6945B195}.Release|x86.ActiveCfg = Release|Win32
		{B7AEBB2B-A40C-4C41-ADF3-C6AB6945B195}.Release|x86.Build.0 = Release|Win32
		{01F28EB0-1309-41F1-9E87-BF99B1A5831C}.Debug|x64.ActiveCfg = Debug|x64
		{01F28EB0-1309-41F1-9E87-BF99B1A5831C}.Debug|x64.Build.0 = Debug|x64
		{01F28EB0-1309-41F1-9E87-BF99B1A5831C}.Debug|x86.ActiveCfg = Debug|Win32
		{01F28EB0-1309-41F1-9E87-BF99B1A5831C}.Debug|x86.Build.0 = Debug|Win32
		{01F28EB0-1309-41F1-9E87-BF99B1A5831C}.Release|x64.ActiveCfg = Release|x64
		{01F28EB0-1309-41F1-9E87-BF99B1A5831C}.Release|x64.Build.0 = Release|x64
		{01F28EB0-1309-41F1-9E87-BF99B1A5831C}.Release|x86.ActiveCfg = Release|Win32
		{01F28EB0-1309-41F1-9E87-BF99B1A5831C}.Release|x86.Build.0 = Release|Win32
		{BBD69BCE-15FB-4878-A11E-52E20A061FBB}.Debug|x64.ActiveCfg = Debug|x64
		{BBD69BCE-15FB-4878-A11E-52E20A061FBB}.Debug|x64.Build.0 = Debug|x64
		{BBD69BCE-15FB-4878-A11E-52E20A061FBB}.Debug|x86.ActiveCfg = Debug|Win32
		{BBD69BCE-15FB-4878-A11E-52E20A061FBB}.Debug|x86.Build.0 = Debug|Win32
		{BBD69BCE-15FB-4878-A11E-52E20A061FBB}.Release|x64.ActiveCfg = Release|x64
		{BBD69BCE-15FB-4878-A11E-52E20A061FBB}.Release|x64.Build.0 = Release|x64
		{BBD69BCE-15FB-4878-A11E-52E20A061FBB}.Release|x86.ActiveCfg = Release|Win32
		{BBD69BCE-15FB-4878-A11E-52E20A061FBB}.Release|x86.Build.0 = Release|Win32
	EndGlobalSection
	GlobalSection(SolutionProperties) = preSolution
		HideSolutionNode = FALSE
	EndGlobalSection
	GlobalSection(ExtensibilityGlobals) = postSolution
		SolutionGuid = {16EFD515-12C9-4D1F-BCC9-337487178E16}
	EndGlobalSection
EndGlobal
